version = 1
requires-python = ">=3.10"

[[package]]
name = "boto3"
version = "1.36.13"
source = { registry = "https://klaviyo.jfrog.io/artifactory/api/pypi/pypi/simple" }
dependencies = [
    { name = "botocore" },
    { name = "jmespath" },
    { name = "s3transfer" },
]
sdist = { url = "https://klaviyo.jfrog.io/artifactory/api/pypi/pypi/packages/packages/b1/de/3c35089f97f6068beb852b51b9eede70e8f7e39a6c8ddff68f3bcabafe3e/boto3-1.36.13.tar.gz", hash = "sha256:c8031aa1c4a7c331081b2d86c49a362654b86e0b89d0a41fa166a68b226f4aba" }
wheels = [
    { url = "https://klaviyo.jfrog.io/artifactory/api/pypi/pypi/packages/packages/3a/d9/d0e741995fedf458e99f71856ae725c201f4cbd69ba6c92fd7498fe71a16/boto3-1.36.13-py3-none-any.whl", hash = "sha256:20d97739cea1b0f549e9096c453ac727a350da28bd0451098714260b655a85ea" },
]

[[package]]
name = "boto3-stubs"
version = "1.36.13"
source = { registry = "https://klaviyo.jfrog.io/artifactory/api/pypi/pypi/simple" }
dependencies = [
    { name = "botocore-stubs" },
    { name = "types-s3transfer" },
    { name = "typing-extensions", marker = "python_full_version < '3.12'" },
]
sdist = { url = "https://klaviyo.jfrog.io/artifactory/api/pypi/pypi/packages/packages/41/15/3fc928a702319dcf6d8ad8d733a8fc1cdc334b23345f96d5816a91b17c92/boto3_stubs-1.36.13.tar.gz", hash = "sha256:915b72140fff5f1da9ceb1096e02537279d80940e7c2f9bcd4498c683d69bf31" }
wheels = [
    { url = "https://klaviyo.jfrog.io/artifactory/api/pypi/pypi/packages/packages/25/45/e27762a48501f0ff2f0949d98ce0b15ac1ffc579c7287dad6d145a8cf749/boto3_stubs-1.36.13-py3-none-any.whl", hash = "sha256:8bc69a3e32b9e487d5c4d0eb15c839a485b3824564b05260ff2b5cd0d21844a3" },
]

[package.optional-dependencies]
dynamodb = [
    { name = "mypy-boto3-dynamodb" },
]

[[package]]
name = "botocore"
version = "1.36.13"
source = { registry = "https://klaviyo.jfrog.io/artifactory/api/pypi/pypi/simple" }
dependencies = [
    { name = "jmespath" },
    { name = "python-dateutil" },
    { name = "urllib3" },
]
sdist = { url = "https://klaviyo.jfrog.io/artifactory/api/pypi/pypi/packages/packages/7e/0b/87dcaaa03a7b5bf3e06abfeccb2af328a436a97fd7b6015f174f1350a284/botocore-1.36.13.tar.gz", hash = "sha256:50a3ff292f8dfdde21074b5c916afe847b01e074ab16d9c9fe71b34960c77134" }
wheels = [
    { url = "https://klaviyo.jfrog.io/artifactory/api/pypi/pypi/packages/packages/24/4d/dc5d65588601cec5f243a73c8c16bc22e485d2845eccb2f924ba883df4e4/botocore-1.36.13-py3-none-any.whl", hash = "sha256:d644a814440bf8d55f4e29b1c0e6f021e2573b7784e0c91f55f4d9d689e08005" },
]

[[package]]
name = "botocore-stubs"
version = "1.36.13"
source = { registry = "https://klaviyo.jfrog.io/artifactory/api/pypi/pypi/simple" }
dependencies = [
    { name = "types-awscrt" },
]
sdist = { url = "https://klaviyo.jfrog.io/artifactory/api/pypi/pypi/packages/packages/5a/ba/d1818eeca4d5a893804054b639c30b735d200f90098edf6e795b2aa41da3/botocore_stubs-1.36.13.tar.gz", hash = "sha256:5cb5296771c628f71ceb8cef5cee389560bd65d92eea71cc9dc28379819dddfb" }
wheels = [
    { url = "https://klaviyo.jfrog.io/artifactory/api/pypi/pypi/packages/packages/13/ae/6c4aa273728032a9f215473aa71c3f5afbee34f4a7ef349ddecd25b6556d/botocore_stubs-1.36.13-py3-none-any.whl", hash = "sha256:643d632dfe0ec89af1dd28637da681ec332edc9967aaa087e8b26dec2d642b6b" },
]

[[package]]
name = "click"
version = "8.1.8"
source = { registry = "https://klaviyo.jfrog.io/artifactory/api/pypi/pypi/simple" }
dependencies = [
    { name = "colorama", marker = "sys_platform == 'win32'" },
]
sdist = { url = "https://klaviyo.jfrog.io/artifactory/api/pypi/pypi/packages/packages/b9/2e/0090cbf739cee7d23781ad4b89a9894a41538e4fcf4c31dcdd705b78eb8b/click-8.1.8.tar.gz", hash = "sha256:ed53c9d8990d83c2a27deae68e4ee337473f6330c040a31d4225c9574d16096a" }
wheels = [
    { url = "https://klaviyo.jfrog.io/artifactory/api/pypi/pypi/packages/packages/7e/d4/7ebdbd03970677812aac39c869717059dbb71a4cfc033ca6e5221787892c/click-8.1.8-py3-none-any.whl", hash = "sha256:63c132bbbed01578a06712a2d1f497bb62d9c1c0d329b7903a866228027263b2" },
]

[[package]]
name = "colorama"
version = "0.4.6"
source = { registry = "https://klaviyo.jfrog.io/artifactory/api/pypi/pypi/simple" }
sdist = { url = "https://klaviyo.jfrog.io/artifactory/api/pypi/pypi/packages/packages/d8/53/6f443c9a4a8358a93a6792e2acffb9d9d5cb0a5cfd8802644b7b1c9a02e4/colorama-0.4.6.tar.gz", hash = "sha256:08695f5cb7ed6e0531a20572697297273c47b8cae5a63ffc6d6ed5c201be6e44" }
wheels = [
    { url = "https://klaviyo.jfrog.io/artifactory/api/pypi/pypi/packages/packages/d1/d6/3965ed04c63042e047cb6a3e6ed1a63a35087b6a609aa3a15ed8ac56c221/colorama-0.4.6-py2.py3-none-any.whl", hash = "sha256:4f1d9991f5acc0ca119f9d443620b77f9d6b33703e51011c16baf57afb285fc6" },
]

[[package]]
name = "ddb-ops"
version = "0.1.0"
source = { editable = "." }
dependencies = [
    { name = "boto3" },
    { name = "boto3-stubs", extra = ["dynamodb"] },
    { name = "pynamodb" },
    { name = "python-dotenv" },
    { name = "rich" },
    { name = "typer" },
]

[package.metadata]
requires-dist = [
    { name = "boto3", specifier = ">=1.36.13" },
    { name = "boto3-stubs", extras = ["dynamodb"], specifier = ">=1.36.13" },
    { name = "pynamodb", specifier = ">=6.0.2" },
    { name = "python-dotenv", specifier = ">=1.0.1" },
    { name = "rich", specifier = ">=13.9.4" },
    { name = "typer", specifier = ">=0.15.1" },
]

[[package]]
name = "jmespath"
version = "1.0.1"
source = { registry = "https://klaviyo.jfrog.io/artifactory/api/pypi/pypi/simple" }
sdist = { url = "https://klaviyo.jfrog.io/artifactory/api/pypi/pypi/packages/packages/00/2a/e867e8531cf3e36b41201936b7fa7ba7b5702dbef42922193f05c8976cd6/jmespath-1.0.1.tar.gz", hash = "sha256:90261b206d6defd58fdd5e85f478bf633a2901798906be2ad389150c5c60edbe" }
wheels = [
    { url = "https://klaviyo.jfrog.io/artifactory/api/pypi/pypi/packages/packages/31/b4/b9b800c45527aadd64d5b442f9b932b00648617eb5d63d2c7a6587b7cafc/jmespath-1.0.1-py3-none-any.whl", hash = "sha256:02e2e4cc71b5bcab88332eebf907519190dd9e6e82107fa7f83b1003a6252980" },
]

[[package]]
name = "markdown-it-py"
version = "3.0.0"
source = { registry = "https://klaviyo.jfrog.io/artifactory/api/pypi/pypi/simple" }
dependencies = [
    { name = "mdurl" },
]
sdist = { url = "https://klaviyo.jfrog.io/artifactory/api/pypi/pypi/packages/packages/38/71/3b932df36c1a044d397a1f92d1cf91ee0a503d91e470cbd670aa66b07ed0/markdown-it-py-3.0.0.tar.gz", hash = "sha256:e3f60a94fa066dc52ec76661e37c851cb232d92f9886b15cb560aaada2df8feb" }
wheels = [
    { url = "https://klaviyo.jfrog.io/artifactory/api/pypi/pypi/packages/packages/42/d7/1ec15b46af6af88f19b8e5ffea08fa375d433c998b8a7639e76935c14f1f/markdown_it_py-3.0.0-py3-none-any.whl", hash = "sha256:355216845c60bd96232cd8d8c40e8f9765cc86f46880e43a8fd22dc1a1a8cab1" },
]

[[package]]
name = "mdurl"
version = "0.1.2"
source = { registry = "https://klaviyo.jfrog.io/artifactory/api/pypi/pypi/simple" }
sdist = { url = "https://klaviyo.jfrog.io/artifactory/api/pypi/pypi/packages/packages/d6/54/cfe61301667036ec958cb99bd3efefba235e65cdeb9c84d24a8293ba1d90/mdurl-0.1.2.tar.gz", hash = "sha256:bb413d29f5eea38f31dd4754dd7377d4465116fb207585f97bf925588687c1ba" }
wheels = [
    { url = "https://klaviyo.jfrog.io/artifactory/api/pypi/pypi/packages/packages/b3/38/89ba8ad64ae25be8de66a6d463314cf1eb366222074cfda9ee839c56a4b4/mdurl-0.1.2-py3-none-any.whl", hash = "sha256:84008a41e51615a49fc9966191ff91509e3c40b939176e643fd50a5c2196b8f8" },
]

[[package]]
name = "mypy-boto3-dynamodb"
version = "1.36.0"
source = { registry = "https://klaviyo.jfrog.io/artifactory/api/pypi/pypi/simple" }
dependencies = [
    { name = "typing-extensions", marker = "python_full_version < '3.12'" },
]
sdist = { url = "https://klaviyo.jfrog.io/artifactory/api/pypi/pypi/packages/packages/e6/c1/9a5a4a6ac684e8abc6ae7d316ceeb7c44aa2f0190af43f7344d66767558f/mypy_boto3_dynamodb-1.36.0.tar.gz", hash = "sha256:1687e4689236a5391755126e86ec2596d408eb95408c31ac09a3d1eb289d516d" }
wheels = [
    { url = "https://klaviyo.jfrog.io/artifactory/api/pypi/pypi/packages/packages/e2/af/1352d3695844388e597107aed65c528ed9e3c891a6fd3b9afd5050428e48/mypy_boto3_dynamodb-1.36.0-py3-none-any.whl", hash = "sha256:b782a817ce8956f8d53ac94c85f969dfe51451fc99f16a3b62776f1e0ed3f1ba" },
]

[[package]]
name = "pygments"
version = "2.19.1"
source = { registry = "https://klaviyo.jfrog.io/artifactory/api/pypi/pypi/simple" }
sdist = { url = "https://klaviyo.jfrog.io/artifactory/api/pypi/pypi/packages/packages/7c/2d/c3338d48ea6cc0feb8446d8e6937e1408088a72a39937982cc6111d17f84/pygments-2.19.1.tar.gz", hash = "sha256:61c16d2a8576dc0649d9f39e089b5f02bcd27fba10d8fb4dcc28173f7a45151f" }
wheels = [
    { url = "https://klaviyo.jfrog.io/artifactory/api/pypi/pypi/packages/packages/8a/0b/9fcc47d19c48b59121088dd6da2488a49d5f72dacf8262e2790a1d2c7d15/pygments-2.19.1-py3-none-any.whl", hash = "sha256:9ea1544ad55cecf4b8242fab6dd35a93bbce657034b0611ee383099054ab6d8c" },
]

[[package]]
name = "pynamodb"
version = "6.0.2"
source = { registry = "https://klaviyo.jfrog.io/artifactory/api/pypi/pypi/simple" }
dependencies = [
    { name = "botocore" },
    { name = "typing-extensions", marker = "python_full_version < '3.11'" },
]
sdist = { url = "https://klaviyo.jfrog.io/artifactory/api/pypi/pypi/packages/packages/cf/65/f630ff2f593a33de44825962dd05a2643f5e01a410ca335bcf8891fa9d09/pynamodb-6.0.2.tar.gz", hash = "sha256:a85ea1ee42d6cb53128ec910507406e7901532f605d28e2680016e25bcbd6828" }
wheels = [
    { url = "https://klaviyo.jfrog.io/artifactory/api/pypi/pypi/packages/packages/52/5c/3d806c8764c05f51d1a5bca8169dc45264666bec6b9106a8599f4c5cebcf/pynamodb-6.0.2-py3-none-any.whl", hash = "sha256:12befe0ed8132b6d77b9212c0af9c894977443ef826b60fe5ef185c2f2f4126b" },
]

[[package]]
name = "python-dateutil"
version = "2.9.0.post0"
source = { registry = "https://klaviyo.jfrog.io/artifactory/api/pypi/pypi/simple" }
dependencies = [
    { name = "six" },
]
sdist = { url = "https://klaviyo.jfrog.io/artifactory/api/pypi/pypi/packages/packages/66/c0/0c8b6ad9f17a802ee498c46e004a0eb49bc148f2fd230864601a86dcf6db/python-dateutil-2.9.0.post0.tar.gz", hash = "sha256:37dd54208da7e1cd875388217d5e00ebd4179249f90fb72437e91a35459a0ad3" }
wheels = [
    { url = "https://klaviyo.jfrog.io/artifactory/api/pypi/pypi/packages/packages/ec/57/56b9bcc3c9c6a792fcbaf139543cee77261f3651ca9da0c93f5c1221264b/python_dateutil-2.9.0.post0-py2.py3-none-any.whl", hash = "sha256:a8b2bc7bffae282281c8140a97d3aa9c14da0b136dfe83f850eea9a5f7470427" },
]

[[package]]
name = "python-dotenv"
version = "1.0.1"
source = { registry = "https://klaviyo.jfrog.io/artifactory/api/pypi/pypi/simple" }
sdist = { url = "https://klaviyo.jfrog.io/artifactory/api/pypi/pypi/packages/packages/bc/57/e84d88dfe0aec03b7a2d4327012c1627ab5f03652216c63d49846d7a6c58/python-dotenv-1.0.1.tar.gz", hash = "sha256:e324ee90a023d808f1959c46bcbc04446a10ced277783dc6ee09987c37ec10ca" }
wheels = [
    { url = "https://klaviyo.jfrog.io/artifactory/api/pypi/pypi/packages/packages/6a/3e/b68c118422ec867fa7ab88444e1274aa40681c606d59ac27de5a5588f082/python_dotenv-1.0.1-py3-none-any.whl", hash = "sha256:f7b63ef50f1b690dddf550d03497b66d609393b40b564ed0d674909a68ebf16a" },
]

[[package]]
name = "rich"
version = "13.9.4"
source = { registry = "https://klaviyo.jfrog.io/artifactory/api/pypi/pypi/simple" }
dependencies = [
    { name = "markdown-it-py" },
    { name = "pygments" },
    { name = "typing-extensions", marker = "python_full_version < '3.11'" },
]
sdist = { url = "https://klaviyo.jfrog.io/artifactory/api/pypi/pypi/packages/packages/ab/3a/0316b28d0761c6734d6bc14e770d85506c986c85ffb239e688eeaab2c2bc/rich-13.9.4.tar.gz", hash = "sha256:439594978a49a09530cff7ebc4b5c7103ef57baf48d5ea3184f21d9a2befa098" }
wheels = [
    { url = "https://klaviyo.jfrog.io/artifactory/api/pypi/pypi/packages/packages/19/71/39c7c0d87f8d4e6c020a393182060eaefeeae6c01dab6a84ec346f2567df/rich-13.9.4-py3-none-any.whl", hash = "sha256:6049d5e6ec054bf2779ab3358186963bac2ea89175919d699e378b99738c2a90" },
]

[[package]]
name = "s3transfer"
version = "0.11.2"
source = { registry = "https://klaviyo.jfrog.io/artifactory/api/pypi/pypi/simple" }
dependencies = [
    { name = "botocore" },
]
sdist = { url = "https://klaviyo.jfrog.io/artifactory/api/pypi/pypi/packages/packages/62/45/2323b5928f86fd29f9afdcef4659f68fa73eaa5356912b774227f5cf46b5/s3transfer-0.11.2.tar.gz", hash = "sha256:3b39185cb72f5acc77db1a58b6e25b977f28d20496b6e58d6813d75f464d632f" }
wheels = [
    { url = "https://klaviyo.jfrog.io/artifactory/api/pypi/pypi/packages/packages/1b/ac/e7dc469e49048dc57f62e0c555d2ee3117fa30813d2a1a2962cce3a2a82a/s3transfer-0.11.2-py3-none-any.whl", hash = "sha256:be6ecb39fadd986ef1701097771f87e4d2f821f27f6071c872143884d2950fbc" },
]

[[package]]
name = "shellingham"
version = "1.5.4"
source = { registry = "https://klaviyo.jfrog.io/artifactory/api/pypi/pypi/simple" }
sdist = { url = "https://klaviyo.jfrog.io/artifactory/api/pypi/pypi/packages/packages/58/15/8b3609fd3830ef7b27b655beb4b4e9c62313a4e8da8c676e142cc210d58e/shellingham-1.5.4.tar.gz", hash = "sha256:8dbca0739d487e5bd35ab3ca4b36e11c4078f3a234bfce294b0a0291363404de" }
wheels = [
    { url = "https://klaviyo.jfrog.io/artifactory/api/pypi/pypi/packages/packages/e0/f9/0595336914c5619e5f28a1fb793285925a8cd4b432c9da0a987836c7f822/shellingham-1.5.4-py2.py3-none-any.whl", hash = "sha256:7ecfff8f2fd72616f7481040475a65b2bf8af90a56c89140852d1120324e8686" },
]

[[package]]
name = "six"
version = "1.17.0"
source = { registry = "https://klaviyo.jfrog.io/artifactory/api/pypi/pypi/simple" }
sdist = { url = "https://klaviyo.jfrog.io/artifactory/api/pypi/pypi/packages/packages/94/e7/b2c673351809dca68a0e064b6af791aa332cf192da575fd474ed7d6f16a2/six-1.17.0.tar.gz", hash = "sha256:ff70335d468e7eb6ec65b95b99d3a2836546063f63acc5171de367e834932a81" }
wheels = [
    { url = "https://klaviyo.jfrog.io/artifactory/api/pypi/pypi/packages/packages/b7/ce/149a00dd41f10bc29e5921b496af8b574d8413afcd5e30dfa0ed46c2cc5e/six-1.17.0-py2.py3-none-any.whl", hash = "sha256:4721f391ed90541fddacab5acf947aa0d3dc7d27b2e1e8eda2be8970586c3274" },
]

[[package]]
name = "typer"
version = "0.15.1"
source = { registry = "https://klaviyo.jfrog.io/artifactory/api/pypi/pypi/simple" }
dependencies = [
    { name = "click" },
    { name = "rich" },
    { name = "shellingham" },
    { name = "typing-extensions" },
]
sdist = { url = "https://klaviyo.jfrog.io/artifactory/api/pypi/pypi/packages/packages/cb/ce/dca7b219718afd37a0068f4f2530a727c2b74a8b6e8e0c0080a4c0de4fcd/typer-0.15.1.tar.gz", hash = "sha256:a0588c0a7fa68a1978a069818657778f86abe6ff5ea6abf472f940a08bfe4f0a" }
wheels = [
    { url = "https://klaviyo.jfrog.io/artifactory/api/pypi/pypi/packages/packages/d0/cc/0a838ba5ca64dc832aa43f727bd586309846b0ffb2ce52422543e6075e8a/typer-0.15.1-py3-none-any.whl", hash = "sha256:7994fb7b8155b64d3402518560648446072864beefd44aa2dc36972a5972e847" },
]

[[package]]
name = "types-awscrt"
version = "0.23.9"
source = { registry = "https://klaviyo.jfrog.io/artifactory/api/pypi/pypi/simple" }
sdist = { url = "https://klaviyo.jfrog.io/artifactory/api/pypi/pypi/packages/packages/94/6d/12d3cd2e3b547564558fe0606b38f0aea87b75e470171e866c776eb4a9b8/types_awscrt-0.23.9.tar.gz", hash = "sha256:57ec68d45ef873458df7307ec80578a6334696f088549ab349c3d655e7e3562b" }
wheels = [
    { url = "https://klaviyo.jfrog.io/artifactory/api/pypi/pypi/packages/packages/1b/e8/3e0816815356cac6ade8a6bab75fd50489769498cca70564968d9dd6e685/types_awscrt-0.23.9-py3-none-any.whl", hash = "sha256:71181a6c5188352ae934e74a7633d80c82ac5c6f89054bd7d653bb1b5bba240b" },
]

[[package]]
name = "types-s3transfer"
version = "0.11.2"
source = { registry = "https://klaviyo.jfrog.io/artifactory/api/pypi/pypi/simple" }
sdist = { url = "https://klaviyo.jfrog.io/artifactory/api/pypi/pypi/packages/packages/56/a9/21967d4fc03bb7980b7af040642d67c4f1e5bf093dc7ff263d4f06020043/types_s3transfer-0.11.2.tar.gz", hash = "sha256:3ccb8b90b14434af2fb0d6c08500596d93f3a83fb804a2bb843d9bf4f7c2ca60" }
wheels = [
    { url = "https://klaviyo.jfrog.io/artifactory/api/pypi/pypi/packages/packages/17/12/0256488171e2947b20364638779891db45bf25af14e9a6bde50b2df65cd6/types_s3transfer-0.11.2-py3-none-any.whl", hash = "sha256:09c31cff8c79a433fcf703b840b66d1f694a6c70c410ef52015dd4fe07ee0ae2" },
]

[[package]]
name = "typing-extensions"
version = "4.12.2"
source = { registry = "https://klaviyo.jfrog.io/artifactory/api/pypi/pypi/simple" }
sdist = { url = "https://klaviyo.jfrog.io/artifactory/api/pypi/pypi/packages/packages/df/db/f35a00659bc03fec321ba8bce9420de607a1d37f8342eee1863174c69557/typing_extensions-4.12.2.tar.gz", hash = "sha256:1a7ead55c7e559dd4dee8856e3a88b41225abfe1ce8df57b7c13915fe121ffb8" }
wheels = [
    { url = "https://klaviyo.jfrog.io/artifactory/api/pypi/pypi/packages/packages/26/9f/ad63fc0248c5379346306f8668cda6e2e2e9c95e01216d2b8ffd9ff037d0/typing_extensions-4.12.2-py3-none-any.whl", hash = "sha256:04e5ca0351e0f3f85c6853954072df659d0d13fac324d0072316b67d7794700d" },
]

[[package]]
name = "urllib3"
version = "2.3.0"
source = { registry = "https://klaviyo.jfrog.io/artifactory/api/pypi/pypi/simple" }
sdist = { url = "https://klaviyo.jfrog.io/artifactory/api/pypi/pypi/packages/packages/aa/63/e53da845320b757bf29ef6a9062f5c669fe997973f966045cb019c3f4b66/urllib3-2.3.0.tar.gz", hash = "sha256:f8c5449b3cf0861679ce7e0503c7b44b5ec981bec0d1d3795a07f1ba96f0204d" }
wheels = [
    { url = "https://klaviyo.jfrog.io/artifactory/api/pypi/pypi/packages/packages/c8/19/4ec628951a74043532ca2cf5d97b7b14863931476d117c471e8e2b1eb39f/urllib3-2.3.0-py3-none-any.whl", hash = "sha256:1cee9ad369867bfdbbb48b7dd50374c0967a0bb7710050facf0dd6911440e3df" },
]
